
Microsoft Visual Studio Solution File, Format Version 12.00
# Visual Studio Version 17
VisualStudioVersion = 17.14.36930.0 d17.14
MinimumVisualStudioVersion = 10.0.40219.1
Project("{FAE04EC0-301F-11D3-BF4B-00C04F79EFBC}") = "PECCI_HRIS", "PECCI_HRIS\PECCI_HRIS.csproj", "{508620D5-AEFF-4D33-9F33-5811F023C825}"
EndProject
Global
	GlobalSection(SolutionConfigurationPlatforms) = preSolution
		Debug|Any CPU = Debug|Any CPU
		Release|Any CPU = Release|Any CPU
	EndGlobalSection
	GlobalSection(ProjectConfigurationPlatforms) = postSolution
		{508620D5-AEFF-4D33-9F33-5811F023C825}.Debug|Any CPU.ActiveCfg = Debug|Any CPU
		{508620D5-AEFF-4D33-9F33-5811F023C825}.Debug|Any CPU.Build.0 = Debug|Any CPU
		{508620D5-AEFF-4D33-9F33-5811F023C825}.Release|Any CPU.ActiveCfg = Release|Any CPU
		{508620D5-AEFF-4D33-9F33-5811F023C825}.Release|Any CPU.Build.0 = Release|Any CPU
	EndGlobalSection
	GlobalSection(SolutionProperties) = preSolution
		HideSolutionNode = FALSE
	EndGlobalSection
	GlobalSection(ExtensibilityGlobals) = postSolution
		SolutionGuid = {0C84C902-4FE1-4D30-95F2-E6A54F14CA89}
	EndGlobalSection
EndGlobal
